// !$*UTF8*$!
{
	archiveVersion = 1;
	classes = {
	};
	objectVersion = 51;
	objects = {

/* Begin PBXBuildFile section */
		32480C7E25C6D54400D03EED /* AppDelegate.swift in Sources */ = {isa = PBXBuildFile; fileRef = 32480C7D25C6D54400D03EED /* AppDelegate.swift */; };
		32480C8025C6D54400D03EED /* SceneDelegate.swift in Sources */ = {isa = PBXBuildFile; fileRef = 32480C7F25C6D54400D03EED /* SceneDelegate.swift */; };
		32480C8225C6D54400D03EED /* RootViewController.swift in Sources */ = {isa = PBXBuildFile; fileRef = 32480C8125C6D54400D03EED /* RootViewController.swift */; };
		32480C8825C6D54400D03EED /* connecty.xcdatamodeld in Sources */ = {isa = PBXBuildFile; fileRef = 32480C8625C6D54400D03EED /* connecty.xcdatamodeld */; };
		32480C8A25C6D54500D03EED /* Assets.xcassets in Resources */ = {isa = PBXBuildFile; fileRef = 32480C8925C6D54500D03EED /* Assets.xcassets */; };
		32480C8D25C6D54500D03EED /* LaunchScreen.storyboard in Resources */ = {isa = PBXBuildFile; fileRef = 32480C8B25C6D54500D03EED /* LaunchScreen.storyboard */; };
		325FCD0625CB916E0068DE6C /* Extensions.swift in Sources */ = {isa = PBXBuildFile; fileRef = 325FCD0525CB916E0068DE6C /* Extensions.swift */; };
		325FCD0A25CBADE30068DE6C /* HomeViewController.swift in Sources */ = {isa = PBXBuildFile; fileRef = 325FCD0925CBADE30068DE6C /* HomeViewController.swift */; };
		B04CCE227208161E03C8C606 /* Pods_connecty.framework in Frameworks */ = {isa = PBXBuildFile; fileRef = ED864C0B3DB2F53571B8632E /* Pods_connecty.framework */; };
/* End PBXBuildFile section */

/* Begin PBXFileReference section */
		32480C7A25C6D54400D03EED /* connecty.app */ = {isa = PBXFileReference; explicitFileType = wrapper.application; includeInIndex = 0; path = connecty.app; sourceTree = BUILT_PRODUCTS_DIR; };
		32480C7D25C6D54400D03EED /* AppDelegate.swift */ = {isa = PBXFileReference; lastKnownFileType = sourcecode.swift; path = AppDelegate.swift; sourceTree = "<group>"; };
		32480C7F25C6D54400D03EED /* SceneDelegate.swift */ = {isa = PBXFileReference; lastKnownFileType = sourcecode.swift; path = SceneDelegate.swift; sourceTree = "<group>"; };
		32480C8125C6D54400D03EED /* RootViewController.swift */ = {isa = PBXFileReference; lastKnownFileType = sourcecode.swift; path = RootViewController.swift; sourceTree = "<group>"; };
		32480C8725C6D54400D03EED /* connecty.xcdatamodel */ = {isa = PBXFileReference; lastKnownFileType = wrapper.xcdatamodel; path = connecty.xcdatamodel; sourceTree = "<group>"; };
		32480C8925C6D54500D03EED /* Assets.xcassets */ = {isa = PBXFileReference; lastKnownFileType = folder.assetcatalog; path = Assets.xcassets; sourceTree = "<group>"; };
		32480C8C25C6D54500D03EED /* Base */ = {isa = PBXFileReference; lastKnownFileType = file.storyboard; name = Base; path = Base.lproj/LaunchScreen.storyboard; sourceTree = "<group>"; };
		32480C8E25C6D54500D03EED /* Info.plist */ = {isa = PBXFileReference; lastKnownFileType = text.plist.xml; path = Info.plist; sourceTree = "<group>"; };
		325FCD0525CB916E0068DE6C /* Extensions.swift */ = {isa = PBXFileReference; lastKnownFileType = sourcecode.swift; path = Extensions.swift; sourceTree = "<group>"; };
		325FCD0925CBADE30068DE6C /* HomeViewController.swift */ = {isa = PBXFileReference; lastKnownFileType = sourcecode.swift; path = HomeViewController.swift; sourceTree = "<group>"; };
		34E954D4787E875C5287AA1D /* Pods-connecty.release.xcconfig */ = {isa = PBXFileReference; includeInIndex = 1; lastKnownFileType = text.xcconfig; name = "Pods-connecty.release.xcconfig"; path = "Target Support Files/Pods-connecty/Pods-connecty.release.xcconfig"; sourceTree = "<group>"; };
		C66E35BAD24B0D479F06A4DA /* Pods-connecty.debug.xcconfig */ = {isa = PBXFileReference; includeInIndex = 1; lastKnownFileType = text.xcconfig; name = "Pods-connecty.debug.xcconfig"; path = "Target Support Files/Pods-connecty/Pods-connecty.debug.xcconfig"; sourceTree = "<group>"; };
		ED864C0B3DB2F53571B8632E /* Pods_connecty.framework */ = {isa = PBXFileReference; explicitFileType = wrapper.framework; includeInIndex = 0; path = Pods_connecty.framework; sourceTree = BUILT_PRODUCTS_DIR; };
/* End PBXFileReference section */

/* Begin PBXFrameworksBuildPhase section */
		32480C7725C6D54400D03EED /* Frameworks */ = {
			isa = PBXFrameworksBuildPhase;
			buildActionMask = 2147483647;
			files = (
				B04CCE227208161E03C8C606 /* Pods_connecty.framework in Frameworks */,
			);
			runOnlyForDeploymentPostprocessing = 0;
		};
/* End PBXFrameworksBuildPhase section */

/* Begin PBXGroup section */
		31BEF9A1F11107299C426688 /* Pods */ = {
			isa = PBXGroup;
			children = (
				C66E35BAD24B0D479F06A4DA /* Pods-connecty.debug.xcconfig */,
				34E954D4787E875C5287AA1D /* Pods-connecty.release.xcconfig */,
			);
			path = Pods;
			sourceTree = "<group>";
		};
		32480C7125C6D54400D03EED = {
			isa = PBXGroup;
			children = (
				32480C7C25C6D54400D03EED /* connecty */,
				32480C7B25C6D54400D03EED /* Products */,
				31BEF9A1F11107299C426688 /* Pods */,
				F05A424287BA628AD6C22AEB /* Frameworks */,
			);
			sourceTree = "<group>";
		};
		32480C7B25C6D54400D03EED /* Products */ = {
			isa = PBXGroup;
			children = (
				32480C7A25C6D54400D03EED /* connecty.app */,
			);
			name = Products;
			sourceTree = "<group>";
		};
		32480C7C25C6D54400D03EED /* connecty */ = {
			isa = PBXGroup;
			children = (
				325FCD0425CB91590068DE6C /* Extensions */,
				3297D98C25CB7C03001F73BC /* Controllers */,
				32480C9625C6D56500D03EED /* resource */,
				32480C7D25C6D54400D03EED /* AppDelegate.swift */,
				32480C7F25C6D54400D03EED /* SceneDelegate.swift */,
				32480C8E25C6D54500D03EED /* Info.plist */,
			);
			path = connecty;
			sourceTree = "<group>";
		};
		32480C9625C6D56500D03EED /* resource */ = {
			isa = PBXGroup;
			children = (
				32480C8925C6D54500D03EED /* Assets.xcassets */,
				32480C8B25C6D54500D03EED /* LaunchScreen.storyboard */,
				32480C8625C6D54400D03EED /* connecty.xcdatamodeld */,
			);
			path = resource;
			sourceTree = "<group>";
		};
		325FCD0425CB91590068DE6C /* Extensions */ = {
			isa = PBXGroup;
			children = (
				325FCD0525CB916E0068DE6C /* Extensions.swift */,
			);
			path = Extensions;
			sourceTree = "<group>";
		};
		3297D98C25CB7C03001F73BC /* Controllers */ = {
			isa = PBXGroup;
			children = (
				32480C8125C6D54400D03EED /* RootViewController.swift */,
				325FCD0925CBADE30068DE6C /* HomeViewController.swift */,
			);
			path = Controllers;
			sourceTree = "<group>";
		};
		F05A424287BA628AD6C22AEB /* Frameworks */ = {
			isa = PBXGroup;
			children = (
				ED864C0B3DB2F53571B8632E /* Pods_connecty.framework */,
			);
			name = Frameworks;
			sourceTree = "<group>";
		};
/* End PBXGroup section */

/* Begin PBXNativeTarget section */
		32480C7925C6D54400D03EED /* connecty */ = {
			isa = PBXNativeTarget;
			buildConfigurationList = 32480C9125C6D54500D03EED /* Build configuration list for PBXNativeTarget "connecty" */;
			buildPhases = (
				2ABC29E43BF96FE63EDB596C /* [CP] Check Pods Manifest.lock */,
				32480C7625C6D54400D03EED /* Sources */,
				32480C7725C6D54400D03EED /* Frameworks */,
				32480C7825C6D54400D03EED /* Resources */,
				12C024591864FC93E17D375A /* [CP] Embed Pods Frameworks */,
			);
			buildRules = (
			);
			dependencies = (
			);
			name = connecty;
			productName = connecty;
			productReference = 32480C7A25C6D54400D03EED /* connecty.app */;
			productType = "com.apple.product-type.application";
		};
/* End PBXNativeTarget section */

/* Begin PBXProject section */
		32480C7225C6D54400D03EED /* Project object */ = {
			isa = PBXProject;
			attributes = {
				LastSwiftUpdateCheck = 1230;
				LastUpgradeCheck = 1230;
				TargetAttributes = {
					32480C7925C6D54400D03EED = {
						CreatedOnToolsVersion = 12.3;
					};
				};
			};
			buildConfigurationList = 32480C7525C6D54400D03EED /* Build configuration list for PBXProject "connecty" */;
			compatibilityVersion = "Xcode 9.3";
			developmentRegion = en;
			hasScannedForEncodings = 0;
			knownRegions = (
				en,
				Base,
			);
			mainGroup = 32480C7125C6D54400D03EED;
			productRefGroup = 32480C7B25C6D54400D03EED /* Products */;
			projectDirPath = "";
			projectRoot = "";
			targets = (
				32480C7925C6D54400D03EED /* connecty */,
			);
		};
/* End PBXProject section */

/* Begin PBXResourcesBuildPhase section */
		32480C7825C6D54400D03EED /* Resources */ = {
			isa = PBXResourcesBuildPhase;
			buildActionMask = 2147483647;
			files = (
				32480C8D25C6D54500D03EED /* LaunchScreen.storyboard in Resources */,
				32480C8A25C6D54500D03EED /* Assets.xcassets in Resources */,
			);
			runOnlyForDeploymentPostprocessing = 0;
		};
/* End PBXResourcesBuildPhase section */

/* Begin PBXShellScriptBuildPhase section */
		12C024591864FC93E17D375A /* [CP] Embed Pods Frameworks */ = {
			isa = PBXShellScriptBuildPhase;
			buildActionMask = 2147483647;
			files = (
			);
			inputFileListPaths = (
				"${PODS_ROOT}/Target Support Files/Pods-connecty/Pods-connecty-frameworks-${CONFIGURATION}-input-files.xcfilelist",
			);
			name = "[CP] Embed Pods Frameworks";
			outputFileListPaths = (
				"${PODS_ROOT}/Target Support Files/Pods-connecty/Pods-connecty-frameworks-${CONFIGURATION}-output-files.xcfilelist",
			);
			runOnlyForDeploymentPostprocessing = 0;
			shellPath = /bin/sh;
			shellScript = "\"${PODS_ROOT}/Target Support Files/Pods-connecty/Pods-connecty-frameworks.sh\"\n";
			showEnvVarsInLog = 0;
		};
		2ABC29E43BF96FE63EDB596C /* [CP] Check Pods Manifest.lock */ = {
			isa = PBXShellScriptBuildPhase;
			buildActionMask = 2147483647;
			files = (
			);
			inputFileListPaths = (
			);
			inputPaths = (
				"${PODS_PODFILE_DIR_PATH}/Podfile.lock",
				"${PODS_ROOT}/Manifest.lock",
			);
			name = "[CP] Check Pods Manifest.lock";
			outputFileListPaths = (
			);
			outputPaths = (
				"$(DERIVED_FILE_DIR)/Pods-connecty-checkManifestLockResult.txt",
			);
			runOnlyForDeploymentPostprocessing = 0;
			shellPath = /bin/sh;
			shellScript = "diff \"${PODS_PODFILE_DIR_PATH}/Podfile.lock\" \"${PODS_ROOT}/Manifest.lock\" > /dev/null\nif [ $? != 0 ] ; then\n    # print error to STDERR\n    echo \"error: The sandbox is not in sync with the Podfile.lock. Run 'pod install' or update your CocoaPods installation.\" >&2\n    exit 1\nfi\n# This output is used by Xcode 'outputs' to avoid re-running this script phase.\necho \"SUCCESS\" > \"${SCRIPT_OUTPUT_FILE_0}\"\n";
			showEnvVarsInLog = 0;
		};
/* End PBXShellScriptBuildPhase section */

/* Begin PBXSourcesBuildPhase section */
		32480C7625C6D54400D03EED /* Sources */ = {
			isa = PBXSourcesBuildPhase;
			buildActionMask = 2147483647;
			files = (
				325FCD0625CB916E0068DE6C /* Extensions.swift in Sources */,
				32480C8825C6D54400D03EED /* connecty.xcdatamodeld in Sources */,
				32480C8225C6D54400D03EED /* RootViewController.swift in Sources */,
				32480C7E25C6D54400D03EED /* AppDelegate.swift in Sources */,
				32480C8025C6D54400D03EED /* SceneDelegate.swift in Sources */,
				325FCD0A25CBADE30068DE6C /* HomeViewController.swift in Sources */,
			);
			runOnlyForDeploymentPostprocessing = 0;
		};
/* End PBXSourcesBuildPhase section */

/* Begin PBXVariantGroup section */
		32480C8B25C6D54500D03EED /* LaunchScreen.storyboard */ = {
			isa = PBXVariantGroup;
			children = (
				32480C8C25C6D54500D03EED /* Base */,
			);
			name = LaunchScreen.storyboard;
			sourceTree = "<group>";
		};
/* End PBXVariantGroup section */

/* Begin XCBuildConfiguration section */
		32480C8F25C6D54500D03EED /* Debug */ = {
			isa = XCBuildConfiguration;
			buildSettings = {
				ALWAYS_SEARCH_USER_PATHS = NO;
				CLANG_ANALYZER_NONNULL = YES;
				CLANG_ANALYZER_NUMBER_OBJECT_CONVERSION = YES_AGGRESSIVE;
				CLANG_CXX_LANGUAGE_STANDARD = "gnu++14";
				CLANG_CXX_LIBRARY = "libc++";
				CLANG_ENABLE_MODULES = YES;
				CLANG_ENABLE_OBJC_ARC = YES;
				CLANG_ENABLE_OBJC_WEAK = YES;
				CLANG_WARN_BLOCK_CAPTURE_AUTORELEASING = YES;
				CLANG_WARN_BOOL_CONVERSION = YES;
				CLANG_WARN_COMMA = YES;
				CLANG_WARN_CONSTANT_CONVERSION = YES;
				CLANG_WARN_DEPRECATED_OBJC_IMPLEMENTATIONS = YES;
				CLANG_WARN_DIRECT_OBJC_ISA_USAGE = YES_ERROR;
				CLANG_WARN_DOCUMENTATION_COMMENTS = YES;
				CLANG_WARN_EMPTY_BODY = YES;
				CLANG_WARN_ENUM_CONVERSION = YES;
				CLANG_WARN_INFINITE_RECURSION = YES;
				CLANG_WARN_INT_CONVERSION = YES;
				CLANG_WARN_NON_LITERAL_NULL_CONVERSION = YES;
				CLANG_WARN_OBJC_IMPLICIT_RETAIN_SELF = YES;
				CLANG_WARN_OBJC_LITERAL_CONVERSION = YES;
				CLANG_WARN_OBJC_ROOT_CLASS = YES_ERROR;
				CLANG_WARN_QUOTED_INCLUDE_IN_FRAMEWORK_HEADER = YES;
				CLANG_WARN_RANGE_LOOP_ANALYSIS = YES;
				CLANG_WARN_STRICT_PROTOTYPES = YES;
				CLANG_WARN_SUSPICIOUS_MOVE = YES;
				CLANG_WARN_UNGUARDED_AVAILABILITY = YES_AGGRESSIVE;
				CLANG_WARN_UNREACHABLE_CODE = YES;
				CLANG_WARN__DUPLICATE_METHOD_MATCH = YES;
				COPY_PHASE_STRIP = NO;
				DEBUG_INFORMATION_FORMAT = dwarf;
				ENABLE_STRICT_OBJC_MSGSEND = YES;
				ENABLE_TESTABILITY = YES;
				GCC_C_LANGUAGE_STANDARD = gnu11;
				GCC_DYNAMIC_NO_PIC = NO;
				GCC_NO_COMMON_BLOCKS = YES;
				GCC_OPTIMIZATION_LEVEL = 0;
				GCC_PREPROCESSOR_DEFINITIONS = (
					"DEBUG=1",
					"$(inherited)",
				);
				GCC_WARN_64_TO_32_BIT_CONVERSION = YES;
				GCC_WARN_ABOUT_RETURN_TYPE = YES_ERROR;
				GCC_WARN_UNDECLARED_SELECTOR = YES;
				GCC_WARN_UNINITIALIZED_AUTOS = YES_AGGRESSIVE;
				GCC_WARN_UNUSED_FUNCTION = YES;
				GCC_WARN_UNUSED_VARIABLE = YES;
				IPHONEOS_DEPLOYMENT_TARGET = 14.3;
				MTL_ENABLE_DEBUG_INFO = INCLUDE_SOURCE;
				MTL_FAST_MATH = YES;
				ONLY_ACTIVE_ARCH = YES;
				SDKROOT = iphoneos;
				SWIFT_ACTIVE_COMPILATION_CONDITIONS = DEBUG;
				SWIFT_OPTIMIZATION_LEVEL = "-Onone";
			};
			name = Debug;
		};
		32480C9025C6D54500D03EED /* Release */ = {
			isa = XCBuildConfiguration;
			buildSettings = {
				ALWAYS_SEARCH_USER_PATHS = NO;
				CLANG_ANALYZER_NONNULL = YES;
				CLANG_ANALYZER_NUMBER_OBJECT_CONVERSION = YES_AGGRESSIVE;
				CLANG_CXX_LANGUAGE_STANDARD = "gnu++14";
				CLANG_CXX_LIBRARY = "libc++";
				CLANG_ENABLE_MODULES = YES;
				CLANG_ENABLE_OBJC_ARC = YES;
				CLANG_ENABLE_OBJC_WEAK = YES;
				CLANG_WARN_BLOCK_CAPTURE_AUTORELEASING = YES;
				CLANG_WARN_BOOL_CONVERSION = YES;
				CLANG_WARN_COMMA = YES;
				CLANG_WARN_CONSTANT_CONVERSION = YES;
				CLANG_WARN_DEPRECATED_OBJC_IMPLEMENTATIONS = YES;
				CLANG_WARN_DIRECT_OBJC_ISA_USAGE = YES_ERROR;
				CLANG_WARN_DOCUMENTATION_COMMENTS = YES;
				CLANG_WARN_EMPTY_BODY = YES;
				CLANG_WARN_ENUM_CONVERSION = YES;
				CLANG_WARN_INFINITE_RECURSION = YES;
				CLANG_WARN_INT_CONVERSION = YES;
				CLANG_WARN_NON_LITERAL_NULL_CONVERSION = YES;
				CLANG_WARN_OBJC_IMPLICIT_RETAIN_SELF = YES;
				CLANG_WARN_OBJC_LITERAL_CONVERSION = YES;
				CLANG_WARN_OBJC_ROOT_CLASS = YES_ERROR;
				CLANG_WARN_QUOTED_INCLUDE_IN_FRAMEWORK_HEADER = YES;
				CLANG_WARN_RANGE_LOOP_ANALYSIS = YES;
				CLANG_WARN_STRICT_PROTOTYPES = YES;
				CLANG_WARN_SUSPICIOUS_MOVE = YES;
				CLANG_WARN_UNGUARDED_AVAILABILITY = YES_AGGRESSIVE;
				CLANG_WARN_UNREACHABLE_CODE = YES;
				CLANG_WARN__DUPLICATE_METHOD_MATCH = YES;
				COPY_PHASE_STRIP = NO;
				DEBUG_INFORMATION_FORMAT = "dwarf-with-dsym";
				ENABLE_NS_ASSERTIONS = NO;
				ENABLE_STRICT_OBJC_MSGSEND = YES;
				GCC_C_LANGUAGE_STANDARD = gnu11;
				GCC_NO_COMMON_BLOCKS = YES;
				GCC_WARN_64_TO_32_BIT_CONVERSION = YES;
				GCC_WARN_ABOUT_RETURN_TYPE = YES_ERROR;
				GCC_WARN_UNDECLARED_SELECTOR = YES;
				GCC_WARN_UNINITIALIZED_AUTOS = YES_AGGRESSIVE;
				GCC_WARN_UNUSED_FUNCTION = YES;
				GCC_WARN_UNUSED_VARIABLE = YES;
				IPHONEOS_DEPLOYMENT_TARGET = 14.3;
				MTL_ENABLE_DEBUG_INFO = NO;
				MTL_FAST_MATH = YES;
				SDKROOT = iphoneos;
				SWIFT_COMPILATION_MODE = wholemodule;
				SWIFT_OPTIMIZATION_LEVEL = "-O";
				VALIDATE_PRODUCT = YES;
			};
			name = Release;
		};
		32480C9225C6D54500D03EED /* Debug */ = {
			isa = XCBuildConfiguration;
			baseConfigurationReference = C66E35BAD24B0D479F06A4DA /* Pods-connecty.debug.xcconfig */;
			buildSettings = {
				ASSETCATALOG_COMPILER_APPICON_NAME = AppIcon;
				ASSETCATALOG_COMPILER_GLOBAL_ACCENT_COLOR_NAME = AccentColor;
				CODE_SIGN_STYLE = Automatic;
				DEVELOPMENT_TEAM = 2W6GT9L26B;
				INFOPLIST_FILE = connecty/Info.plist;
				LD_RUNPATH_SEARCH_PATHS = (
					"$(inherited)",
					"@executable_path/Frameworks",
				);
				PRODUCT_BUNDLE_IDENTIFIER = com.connecty.connecty;
				PRODUCT_NAME = "$(TARGET_NAME)";
				SWIFT_VERSION = 5.0;
				TARGETED_DEVICE_FAMILY = "1,2";
			};
			name = Debug;
		};
		32480C9325C6D54500D03EED /* Release */ = {
			isa = XCBuildConfiguration;
			baseConfigurationReference = 34E954D4787E875C5287AA1D /* Pods-connecty.release.xcconfig */;
			buildSettings = {
				ASSETCATALOG_COMPILER_APPICON_NAME = AppIcon;
				ASSETCATALOG_COMPILER_GLOBAL_ACCENT_COLOR_NAME = AccentColor;
				CODE_SIGN_STYLE = Automatic;
				DEVELOPMENT_TEAM = 2W6GT9L26B;
				INFOPLIST_FILE = connecty/Info.plist;
				LD_RUNPATH_SEARCH_PATHS = (
					"$(inherited)",
					"@executable_path/Frameworks",
				);
				PRODUCT_BUNDLE_IDENTIFIER = com.connecty.connecty;
				PRODUCT_NAME = "$(TARGET_NAME)";
				SWIFT_VERSION = 5.0;
				TARGETED_DEVICE_FAMILY = "1,2";
			};
			name = Release;
		};
/* End XCBuildConfiguration section */

/* Begin XCConfigurationList section */
		32480C7525C6D54400D03EED /* Build configuration list for PBXProject "connecty" */ = {
			isa = XCConfigurationList;
			buildConfigurations = (
				32480C8F25C6D54500D03EED /* Debug */,
				32480C9025C6D54500D03EED /* Release */,
			);
			defaultConfigurationIsVisible = 0;
			defaultConfigurationName = Release;
		};
		32480C9125C6D54500D03EED /* Build configuration list for PBXNativeTarget "connecty" */ = {
			isa = XCConfigurationList;
			buildConfigurations = (
				32480C9225C6D54500D03EED /* Debug */,
				32480C9325C6D54500D03EED /* Release */,
			);
			defaultConfigurationIsVisible = 0;
			defaultConfigurationName = Release;
		};
/* End XCConfigurationList section */

/* Begin XCVersionGroup section */
		32480C8625C6D54400D03EED /* connecty.xcdatamodeld */ = {
			isa = XCVersionGroup;
			children = (
				32480C8725C6D54400D03EED /* connecty.xcdatamodel */,
			);
			currentVersion = 32480C8725C6D54400D03EED /* connecty.xcdatamodel */;
			path = connecty.xcdatamodeld;
			sourceTree = "<group>";
			versionGroupType = wrapper.xcdatamodel;
		};
/* End XCVersionGroup section */
	};
	rootObject = 32480C7225C6D54400D03EED /* Project object */;
}
