PODS:
  - Alamofire (5.4.1)
  - PagingKit (1.15.0)
  - PBPopupController (3.4.2)
  - SnapKit (5.0.1)
  - TextFieldEffects (1.6.0)
  - Then (2.7.0)

DEPENDENCIES:
  - Alamofire (~> 5.2)
  - PagingKit
  - PBPopupController
  - SnapKit (~> 5.0.0)
  - TextFieldEffects
  - Then

SPEC REPOS:
  trunk:
    - Alamofire
    - PagingKit
    - PBPopupController
    - SnapKit
    - TextFieldEffects
    - Then

SPEC CHECKSUMS:
  Alamofire: 2291f7d21ca607c491dd17642e5d40fdcda0e65c
  PagingKit: 4bd58b65d71a82ab98486b6927e870c7fbc6c6eb
  PBPopupController: 0f89d55adfeabe306c8b9885b2c736f3371ae649
  SnapKit: 97b92857e3df3a0c71833cce143274bf6ef8e5eb
  TextFieldEffects: 529b8aff706fb40f82c41c780c0777941a893796
  Then: acfe0be7e98221c6204e12f8161459606d5d822d

PODFILE CHECKSUM: 516682ab94d36f6dc203c0a2e14213635d453c5d

COCOAPODS: 1.10.1
